
Microsoft Visual Studio Solution File, Format Version 12.00
# Visual Studio Version 16
VisualStudioVersion = 16.0.29123.89
MinimumVisualStudioVersion = 10.0.40219.1
Project("{9A19103F-16F7-4668-BE54-9A1E7A4F7556}") = "Firebase.Auth", "Firebase.Auth\Firebase.Auth.csproj", "{70A39FCE-33FB-43BF-B16C-4268354D315D}"
EndProject
Global
	GlobalSection(SolutionConfigurationPlatforms) = preSolution
		Debug|Any CPU = Debug|Any CPU
		Release|Any CPU = Release|Any CPU
	EndGlobalSection
	GlobalSection(ProjectConfigurationPlatforms) = postSolution
		{70A39FCE-33FB-43BF-B16C-4268354D315D}.Debug|Any CPU.ActiveCfg = Debug|Any CPU
		{70A39FCE-33FB-43BF-B16C-4268354D315D}.Debug|Any CPU.Build.0 = Debug|Any CPU
		{70A39FCE-33FB-43BF-B16C-4268354D315D}.Release|Any CPU.ActiveCfg = Release|Any CPU
		{70A39FCE-33FB-43BF-B16C-4268354D315D}.Release|Any CPU.Build.0 = Release|Any CPU
	EndGlobalSection
	GlobalSection(SolutionProperties) = preSolution
		HideSolutionNode = FALSE
	EndGlobalSection
	GlobalSection(ExtensibilityGlobals) = postSolution
		SolutionGuid = {C0E167BD-1492-426A-BF58-AB81C9F8D097}
	EndGlobalSection
EndGlobal
